{
  "name": "test",
  "version": "1.0.0",
  "lockfileVersion": 3,
  "requires": true,
  "packages": {
    "": {
      "name": "test",
      "version": "1.0.0",
      "license": "ISC",
      "dependencies": {
        "shmaker": "^1.0.5"
      }
    },
    "node_modules/shmaker": {
      "version": "1.0.5",
      "resolved": "https://registry.npmjs.org/shmaker/-/shmaker-1.0.5.tgz",
      "integrity": "sha512-mmHGRTIkgbY2hCGx8ZQYj9nSlT9HaKfoTuETjJmpAIZ8NSNcoHL33wr5M+L86sDWCxylzVWNsu4TCBpGtvSI+Q==",
      "license": "MIT"
    }
  }
}
